
Microsoft Visual Studio Solution File, Format Version 12.00
# Visual Studio 15
VisualStudioVersion = 15.0.27428.2043
MinimumVisualStudioVersion = 10.0.40219.1
Project("{F184B08F-C81C-45F6-A57F-5ABD9991F28F}") = "WindowsApp2", "WindowsApp2\WindowsApp2.vbproj", "{455A75B1-AF1A-466A-B56D-C21B79389BF3}"
EndProject
Global
	GlobalSection(SolutionConfigurationPlatforms) = preSolution
		Debug|Any CPU = Debug|Any CPU
		Release|Any CPU = Release|Any CPU
	EndGlobalSection
	GlobalSection(ProjectConfigurationPlatforms) = postSolution
		{455A75B1-AF1A-466A-B56D-C21B79389BF3}.Debug|Any CPU.ActiveCfg = Debug|Any CPU
		{455A75B1-AF1A-466A-B56D-C21B79389BF3}.Debug|Any CPU.Build.0 = Debug|Any CPU
		{455A75B1-AF1A-466A-B56D-C21B79389BF3}.Release|Any CPU.ActiveCfg = Release|Any CPU
		{455A75B1-AF1A-466A-B56D-C21B79389BF3}.Release|Any CPU.Build.0 = Release|Any CPU
	EndGlobalSection
	GlobalSection(SolutionProperties) = preSolution
		HideSolutionNode = FALSE
	EndGlobalSection
	GlobalSection(ExtensibilityGlobals) = postSolution
		SolutionGuid = {7D017801-64C8-49EE-A7EF-667AD04E948B}
	EndGlobalSection
EndGlobal
